
Microsoft Visual Studio Solution File, Format Version 12.00
# Visual Studio 15
Project("{FAE04EC0-301F-11D3-BF4B-00C04F79EFBC}") = "Assembly-CSharp", "Assembly-CSharp.csproj", "{F896E2D4-F479-23A0-C704-11E049B02E45}"
EndProject
Project("{FAE04EC0-301F-11D3-BF4B-00C04F79EFBC}") = "Oculus.VR", "Oculus.VR.csproj", "{64CE6452-7CBF-CB86-4A1A-52ECC03FFD85}"
EndProject
Project("{FAE04EC0-301F-11D3-BF4B-00C04F79EFBC}") = "Assembly-CSharp-Editor", "Assembly-CSharp-Editor.csproj", "{53DDC8D5-C189-3688-07AB-01B8008AA376}"
EndProject
Project("{FAE04EC0-301F-11D3-BF4B-00C04F79EFBC}") = "Oculus.VR.Scripts.Editor", "Oculus.VR.Scripts.Editor.csproj", "{D50125BB-76A3-50F0-8E4A-297233C7CF36}"
EndProject
Project("{FAE04EC0-301F-11D3-BF4B-00C04F79EFBC}") = "Oculus.VR.Editor", "Oculus.VR.Editor.csproj", "{1458D370-4AAC-7539-44BE-6218303A1236}"
EndProject
Global
	GlobalSection(SolutionConfigurationPlatforms) = preSolution
		Debug|Any CPU = Debug|Any CPU
		Release|Any CPU = Release|Any CPU
	EndGlobalSection
	GlobalSection(ProjectConfigurationPlatforms) = postSolution
		{F896E2D4-F479-23A0-C704-11E049B02E45}.Debug|Any CPU.ActiveCfg = Debug|Any CPU
		{F896E2D4-F479-23A0-C704-11E049B02E45}.Debug|Any CPU.Build.0 = Debug|Any CPU
		{F896E2D4-F479-23A0-C704-11E049B02E45}.Release|Any CPU.ActiveCfg = Release|Any CPU
		{F896E2D4-F479-23A0-C704-11E049B02E45}.Release|Any CPU.Build.0 = Release|Any CPU
		{64CE6452-7CBF-CB86-4A1A-52ECC03FFD85}.Debug|Any CPU.ActiveCfg = Debug|Any CPU
		{64CE6452-7CBF-CB86-4A1A-52ECC03FFD85}.Debug|Any CPU.Build.0 = Debug|Any CPU
		{64CE6452-7CBF-CB86-4A1A-52ECC03FFD85}.Release|Any CPU.ActiveCfg = Release|Any CPU
		{64CE6452-7CBF-CB86-4A1A-52ECC03FFD85}.Release|Any CPU.Build.0 = Release|Any CPU
		{53DDC8D5-C189-3688-07AB-01B8008AA376}.Debug|Any CPU.ActiveCfg = Debug|Any CPU
		{53DDC8D5-C189-3688-07AB-01B8008AA376}.Debug|Any CPU.Build.0 = Debug|Any CPU
		{53DDC8D5-C189-3688-07AB-01B8008AA376}.Release|Any CPU.ActiveCfg = Release|Any CPU
		{53DDC8D5-C189-3688-07AB-01B8008AA376}.Release|Any CPU.Build.0 = Release|Any CPU
		{D50125BB-76A3-50F0-8E4A-297233C7CF36}.Debug|Any CPU.ActiveCfg = Debug|Any CPU
		{D50125BB-76A3-50F0-8E4A-297233C7CF36}.Debug|Any CPU.Build.0 = Debug|Any CPU
		{D50125BB-76A3-50F0-8E4A-297233C7CF36}.Release|Any CPU.ActiveCfg = Release|Any CPU
		{D50125BB-76A3-50F0-8E4A-297233C7CF36}.Release|Any CPU.Build.0 = Release|Any CPU
		{1458D370-4AAC-7539-44BE-6218303A1236}.Debug|Any CPU.ActiveCfg = Debug|Any CPU
		{1458D370-4AAC-7539-44BE-6218303A1236}.Debug|Any CPU.Build.0 = Debug|Any CPU
		{1458D370-4AAC-7539-44BE-6218303A1236}.Release|Any CPU.ActiveCfg = Release|Any CPU
		{1458D370-4AAC-7539-44BE-6218303A1236}.Release|Any CPU.Build.0 = Release|Any CPU
	EndGlobalSection
	GlobalSection(SolutionProperties) = preSolution
		HideSolutionNode = FALSE
	EndGlobalSection
EndGlobal
